PODS:
  - Nimble (5.0.0)
  - Quick (0.10.0)
  - QuickTableViewController (0.5.0)

DEPENDENCIES:
  - Nimble (from `https://github.com/Quick/Nimble.git`, tag `v5.0.0`)
  - Quick (from `https://github.com/Quick/Quick.git`, tag `v0.10.0`)
  - QuickTableViewController (from `./`)

EXTERNAL SOURCES:
  Nimble:
    :git: https://github.com/Quick/Nimble.git
    :tag: v5.0.0
  Quick:
    :git: https://github.com/Quick/Quick.git
    :tag: v0.10.0
  QuickTableViewController:
    :path: "./"

CHECKOUT OPTIONS:
  Nimble:
    :git: https://github.com/Quick/Nimble.git
    :tag: v5.0.0
  Quick:
    :git: https://github.com/Quick/Quick.git
    :tag: v0.10.0

SPEC CHECKSUMS:
  Nimble: 56fc9f5020effa2206de22c3dd910f4fb011b92f
  Quick: 5d290df1c69d5ee2f0729956dcf0fd9a30447eaa
  QuickTableViewController: ac1256ccbcad13349adbb1a4dcd4e9ecf548eb90

PODFILE CHECKSUM: 700bf6791293c4cd4f5b58d4e2d1c0a00575e529

COCOAPODS: 1.1.0.rc.2
